
Microsoft Visual Studio Solution File, Format Version 12.00
Project("{FAE04EC0-301F-11D3-BF4B-00C04F79EFBC}") = "Atomicity", "src\Atomicity\Atomicity.csproj", "{F5DD36CE-8995-4B67-BADD-EF42B12C70C6}"
EndProject
Project("{FAE04EC0-301F-11D3-BF4B-00C04F79EFBC}") = "AtomicityTests", "src\AtomicityTests\AtomicityTests.csproj", "{D97AC351-67AE-4153-B443-4F55317F00A5}"
EndProject
Project("{FAE04EC0-301F-11D3-BF4B-00C04F79EFBC}") = "Atomicity.Extensions.DependencyInjection", "src\Atomicity.Extensions.DependencyInjection\Atomicity.Extensions.DependencyInjection.csproj", "{74E9355A-C4BF-469B-872A-583824E0F379}"
EndProject
Global
	GlobalSection(SolutionConfigurationPlatforms) = preSolution
		Debug|Any CPU = Debug|Any CPU
		Release|Any CPU = Release|Any CPU
	EndGlobalSection
	GlobalSection(ProjectConfigurationPlatforms) = postSolution
		{F5DD36CE-8995-4B67-BADD-EF42B12C70C6}.Debug|Any CPU.ActiveCfg = Debug|Any CPU
		{F5DD36CE-8995-4B67-BADD-EF42B12C70C6}.Debug|Any CPU.Build.0 = Debug|Any CPU
		{F5DD36CE-8995-4B67-BADD-EF42B12C70C6}.Release|Any CPU.ActiveCfg = Release|Any CPU
		{F5DD36CE-8995-4B67-BADD-EF42B12C70C6}.Release|Any CPU.Build.0 = Release|Any CPU
		{D97AC351-67AE-4153-B443-4F55317F00A5}.Debug|Any CPU.ActiveCfg = Debug|Any CPU
		{D97AC351-67AE-4153-B443-4F55317F00A5}.Debug|Any CPU.Build.0 = Debug|Any CPU
		{D97AC351-67AE-4153-B443-4F55317F00A5}.Release|Any CPU.ActiveCfg = Release|Any CPU
		{D97AC351-67AE-4153-B443-4F55317F00A5}.Release|Any CPU.Build.0 = Release|Any CPU
		{74E9355A-C4BF-469B-872A-583824E0F379}.Debug|Any CPU.ActiveCfg = Debug|Any CPU
		{74E9355A-C4BF-469B-872A-583824E0F379}.Debug|Any CPU.Build.0 = Debug|Any CPU
		{74E9355A-C4BF-469B-872A-583824E0F379}.Release|Any CPU.ActiveCfg = Release|Any CPU
		{74E9355A-C4BF-469B-872A-583824E0F379}.Release|Any CPU.Build.0 = Release|Any CPU
	EndGlobalSection
EndGlobal
